
Microsoft Visual Studio Solution File, Format Version 12.00
# Visual Studio Version 17
VisualStudioVersion = 17.7.34202.233
MinimumVisualStudioVersion = 10.0.40219.1
Project("{FAE04EC0-301F-11D3-BF4B-00C04F79EFBC}") = "linear", "linear\linear.csproj", "{1DD034CB-E67D-4534-AD7E-09544D2E02DE}"
EndProject
Global
	GlobalSection(SolutionConfigurationPlatforms) = preSolution
		Debug|Any CPU = Debug|Any CPU
		Release|Any CPU = Release|Any CPU
	EndGlobalSection
	GlobalSection(ProjectConfigurationPlatforms) = postSolution
		{1DD034CB-E67D-4534-AD7E-09544D2E02DE}.Debug|Any CPU.ActiveCfg = Debug|Any CPU
		{1DD034CB-E67D-4534-AD7E-09544D2E02DE}.Debug|Any CPU.Build.0 = Debug|Any CPU
		{1DD034CB-E67D-4534-AD7E-09544D2E02DE}.Release|Any CPU.ActiveCfg = Release|Any CPU
		{1DD034CB-E67D-4534-AD7E-09544D2E02DE}.Release|Any CPU.Build.0 = Release|Any CPU
	EndGlobalSection
	GlobalSection(SolutionProperties) = preSolution
		HideSolutionNode = FALSE
	EndGlobalSection
	GlobalSection(ExtensibilityGlobals) = postSolution
		SolutionGuid = {6F017861-03DF-42EE-BFD0-BE9A150BF7B8}
	EndGlobalSection
EndGlobal
